
Microsoft Visual Studio Solution File, Format Version 12.00
# Visual Studio Version 16
VisualStudioVersion = 16.0.30413.136
MinimumVisualStudioVersion = 10.0.40219.1
Project("{FAE04EC0-301F-11D3-BF4B-00C04F79EFBC}") = "01_Calculator", "01_Calculator\01_Calculator.csproj", "{7BD748D1-8040-4ABB-B5F0-D6B1F94CE322}"
EndProject
Global
	GlobalSection(SolutionConfigurationPlatforms) = preSolution
		Debug|Any CPU = Debug|Any CPU
		Release|Any CPU = Release|Any CPU
	EndGlobalSection
	GlobalSection(ProjectConfigurationPlatforms) = postSolution
		{7BD748D1-8040-4ABB-B5F0-D6B1F94CE322}.Debug|Any CPU.ActiveCfg = Debug|Any CPU
		{7BD748D1-8040-4ABB-B5F0-D6B1F94CE322}.Debug|Any CPU.Build.0 = Debug|Any CPU
		{7BD748D1-8040-4ABB-B5F0-D6B1F94CE322}.Release|Any CPU.ActiveCfg = Release|Any CPU
		{7BD748D1-8040-4ABB-B5F0-D6B1F94CE322}.Release|Any CPU.Build.0 = Release|Any CPU
	EndGlobalSection
	GlobalSection(SolutionProperties) = preSolution
		HideSolutionNode = FALSE
	EndGlobalSection
	GlobalSection(ExtensibilityGlobals) = postSolution
		SolutionGuid = {B994CF92-ED9A-4CDD-A855-31DCA38AAB36}
	EndGlobalSection
EndGlobal
